// !$*UTF8*$!
{
	archiveVersion = 1;
	classes = {
	};
	objectVersion = 77;
	objects = {

/* Begin PBXContainerItemProxy section */
		D1602D242E7A14DE0088D954 /* PBXContainerItemProxy */ = {
			isa = PBXContainerItemProxy;
			containerPortal = D1602D0E2E7A14DA0088D954 /* Project object */;
			proxyType = 1;
			remoteGlobalIDString = D1602D152E7A14DA0088D954;
			remoteInfo = BraceletApp;
		};
		D1602D2E2E7A14DE0088D954 /* PBXContainerItemProxy */ = {
			isa = PBXContainerItemProxy;
			containerPortal = D1602D0E2E7A14DA0088D954 /* Project object */;
			proxyType = 1;
			remoteGlobalIDString = D1602D152E7A14DA0088D954;
			remoteInfo = BraceletApp;
		};
/* End PBXContainerItemProxy section */

/* Begin PBXFileReference section */
		D1602D162E7A14DA0088D954 /* BraceletApp.app */ = {isa = PBXFileReference; explicitFileType = wrapper.application; includeInIndex = 0; path = BraceletApp.app; sourceTree = BUILT_PRODUCTS_DIR; };
		D1602D232E7A14DE0088D954 /* BraceletAppTests.xctest */ = {isa = PBXFileReference; explicitFileType = wrapper.cfbundle; includeInIndex = 0; path = BraceletAppTests.xctest; sourceTree = BUILT_PRODUCTS_DIR; };
		D1602D2D2E7A14DE0088D954 /* BraceletAppUITests.xctest */ = {isa = PBXFileReference; explicitFileType = wrapper.cfbundle; includeInIndex = 0; path = BraceletAppUITests.xctest; sourceTree = BUILT_PRODUCTS_DIR; };
/* End PBXFileReference section */

/* Begin PBXFileSystemSynchronizedBuildFileExceptionSet section */
		D17A24712E7A1C7000095BCD /* Exceptions for "BraceletApp" folder in "BraceletApp" target */ = {
			isa = PBXFileSystemSynchronizedBuildFileExceptionSet;
			membershipExceptions = (
				Info.plist,
			);
			target = D1602D152E7A14DA0088D954 /* BraceletApp */;
		};
/* End PBXFileSystemSynchronizedBuildFileExceptionSet section */

/* Begin PBXFileSystemSynchronizedRootGroup section */
		D1602D182E7A14DA0088D954 /* BraceletApp */ = {
			isa = PBXFileSystemSynchronizedRootGroup;
			exceptions = (
				D17A24712E7A1C7000095BCD /* Exceptions for "BraceletApp" folder in "BraceletApp" target */,
			);
			path = BraceletApp;
			sourceTree = "<group>";
		};
		D1602D262E7A14DE0088D954 /* BraceletAppTests */ = {
			isa = PBXFileSystemSynchronizedRootGroup;
			path = BraceletAppTests;
			sourceTree = "<group>";
		};
		D1602D302E7A14DE0088D954 /* BraceletAppUITests */ = {
			isa = PBXFileSystemSynchronizedRootGroup;
			path = BraceletAppUITests;
			sourceTree = "<group>";
		};
/* End PBXFileSystemSynchronizedRootGroup section */

/* Begin PBXFrameworksBuildPhase section */
		D1602D132E7A14DA0088D954 /* Frameworks */ = {
			isa = PBXFrameworksBuildPhase;
			buildActionMask = 2147483647;
			files = (
			);
			runOnlyForDeploymentPostprocessing = 0;
		};
		D1602D202E7A14DE0088D954 /* Frameworks */ = {
			isa = PBXFrameworksBuildPhase;
			buildActionMask = 2147483647;
			files = (
			);
			runOnlyForDeploymentPostprocessing = 0;
		};
		D1602D2A2E7A14DE0088D954 /* Frameworks */ = {
			isa = PBXFrameworksBuildPhase;
			buildActionMask = 2147483647;
			files = (
			);
			runOnlyForDeploymentPostprocessing = 0;
		};
/* End PBXFrameworksBuildPhase section */

/* Begin PBXGroup section */
		D1602D0D2E7A14DA0088D954 = {
			isa = PBXGroup;
			children = (
				D1602D182E7A14DA0088D954 /* BraceletApp */,
				D1602D262E7A14DE0088D954 /* BraceletAppTests */,
				D1602D302E7A14DE0088D954 /* BraceletAppUITests */,
				D1602D172E7A14DA0088D954 /* Products */,
			);
			sourceTree = "<group>";
		};
		D1602D172E7A14DA0088D954 /* Products */ = {
			isa = PBXGroup;
			children = (
				D1602D162E7A14DA0088D954 /* BraceletApp.app */,
				D1602D232E7A14DE0088D954 /* BraceletAppTests.xctest */,
				D1602D2D2E7A14DE0088D954 /* BraceletAppUITests.xctest */,
			);
			name = Products;
			sourceTree = "<group>";
		};
/* End PBXGroup section */

/* Begin PBXNativeTarget section */
		D1602D152E7A14DA0088D954 /* BraceletApp */ = {
			isa = PBXNativeTarget;
			buildConfigurationList = D1602D372E7A14DE0088D954 /* Build configuration list for PBXNativeTarget "BraceletApp" */;
			buildPhases = (
				D1602D122E7A14DA0088D954 /* Sources */,
				D1602D132E7A14DA0088D954 /* Frameworks */,
				D1602D142E7A14DA0088D954 /* Resources */,
			);
			buildRules = (
			);
			dependencies = (
			);
			fileSystemSynchronizedGroups = (
				D1602D182E7A14DA0088D954 /* BraceletApp */,
			);
			name = BraceletApp;
			packageProductDependencies = (
			);
			productName = BraceletApp;
			productReference = D1602D162E7A14DA0088D954 /* BraceletApp.app */;
			productType = "com.apple.product-type.application";
		};
		D1602D222E7A14DE0088D954 /* BraceletAppTests */ = {
			isa = PBXNativeTarget;
			buildConfigurationList = D1602D3A2E7A14DE0088D954 /* Build configuration list for PBXNativeTarget "BraceletAppTests" */;
			buildPhases = (
				D1602D1F2E7A14DE0088D954 /* Sources */,
				D1602D202E7A14DE0088D954 /* Frameworks */,
				D1602D212E7A14DE0088D954 /* Resources */,
			);
			buildRules = (
			);
			dependencies = (
				D1602D252E7A14DE0088D954 /* PBXTargetDependency */,
			);
			fileSystemSynchronizedGroups = (
				D1602D262E7A14DE0088D954 /* BraceletAppTests */,
			);
			name = BraceletAppTests;
			packageProductDependencies = (
			);
			productName = BraceletAppTests;
			productReference = D1602D232E7A14DE0088D954 /* BraceletAppTests.xctest */;
			productType = "com.apple.product-type.bundle.unit-test";
		};
		D1602D2C2E7A14DE0088D954 /* BraceletAppUITests */ = {
			isa = PBXNativeTarget;
			buildConfigurationList = D1602D3D2E7A14DE0088D954 /* Build configuration list for PBXNativeTarget "BraceletAppUITests" */;
			buildPhases = (
				D1602D292E7A14DE0088D954 /* Sources */,
				D1602D2A2E7A14DE0088D954 /* Frameworks */,
				D1602D2B2E7A14DE0088D954 /* Resources */,
			);
			buildRules = (
			);
			dependencies = (
				D1602D2F2E7A14DE0088D954 /* PBXTargetDependency */,
			);
			fileSystemSynchronizedGroups = (
				D1602D302E7A14DE0088D954 /* BraceletAppUITests */,
			);
			name = BraceletAppUITests;
			packageProductDependencies = (
			);
			productName = BraceletAppUITests;
			productReference = D1602D2D2E7A14DE0088D954 /* BraceletAppUITests.xctest */;
			productType = "com.apple.product-type.bundle.ui-testing";
		};
/* End PBXNativeTarget section */

/* Begin PBXProject section */
		D1602D0E2E7A14DA0088D954 /* Project object */ = {
			isa = PBXProject;
			attributes = {
				BuildIndependentTargetsInParallel = 1;
				LastSwiftUpdateCheck = 1640;
				LastUpgradeCheck = 1640;
				TargetAttributes = {
					D1602D152E7A14DA0088D954 = {
						CreatedOnToolsVersion = 16.4;
					};
					D1602D222E7A14DE0088D954 = {
						CreatedOnToolsVersion = 16.4;
						TestTargetID = D1602D152E7A14DA0088D954;
					};
					D1602D2C2E7A14DE0088D954 = {
						CreatedOnToolsVersion = 16.4;
						TestTargetID = D1602D152E7A14DA0088D954;
					};
				};
			};
			buildConfigurationList = D1602D112E7A14DA0088D954 /* Build configuration list for PBXProject "BraceletApp" */;
			developmentRegion = en;
			hasScannedForEncodings = 0;
			knownRegions = (
				en,
				Base,
			);
			mainGroup = D1602D0D2E7A14DA0088D954;
			minimizedProjectReferenceProxies = 1;
			preferredProjectObjectVersion = 77;
			productRefGroup = D1602D172E7A14DA0088D954 /* Products */;
			projectDirPath = "";
			projectRoot = "";
			targets = (
				D1602D152E7A14DA0088D954 /* BraceletApp */,
				D1602D222E7A14DE0088D954 /* BraceletAppTests */,
				D1602D2C2E7A14DE0088D954 /* BraceletAppUITests */,
			);
		};
/* End PBXProject section */

/* Begin PBXResourcesBuildPhase section */
		D1602D142E7A14DA0088D954 /* Resources */ = {
			isa = PBXResourcesBuildPhase;
			buildActionMask = 2147483647;
			files = (
			);
			runOnlyForDeploymentPostprocessing = 0;
		};
		D1602D212E7A14DE0088D954 /* Resources */ = {
			isa = PBXResourcesBuildPhase;
			buildActionMask = 2147483647;
			files = (
			);
			runOnlyForDeploymentPostprocessing = 0;
		};
		D1602D2B2E7A14DE0088D954 /* Resources */ = {
			isa = PBXResourcesBuildPhase;
			buildActionMask = 2147483647;
			files = (
			);
			runOnlyForDeploymentPostprocessing = 0;
		};
/* End PBXResourcesBuildPhase section */

/* Begin PBXSourcesBuildPhase section */
		D1602D122E7A14DA0088D954 /* Sources */ = {
			isa = PBXSourcesBuildPhase;
			buildActionMask = 2147483647;
			files = (
			);
			runOnlyForDeploymentPostprocessing = 0;
		};
		D1602D1F2E7A14DE0088D954 /* Sources */ = {
			isa = PBXSourcesBuildPhase;
			buildActionMask = 2147483647;
			files = (
			);
			runOnlyForDeploymentPostprocessing = 0;
		};
		D1602D292E7A14DE0088D954 /* Sources */ = {
			isa = PBXSourcesBuildPhase;
			buildActionMask = 2147483647;
			files = (
			);
			runOnlyForDeploymentPostprocessing = 0;
		};
/* End PBXSourcesBuildPhase section */

/* Begin PBXTargetDependency section */
		D1602D252E7A14DE0088D954 /* PBXTargetDependency */ = {
			isa = PBXTargetDependency;
			target = D1602D152E7A14DA0088D954 /* BraceletApp */;
			targetProxy = D1602D242E7A14DE0088D954 /* PBXContainerItemProxy */;
		};
		D1602D2F2E7A14DE0088D954 /* PBXTargetDependency */ = {
			isa = PBXTargetDependency;
			target = D1602D152E7A14DA0088D954 /* BraceletApp */;
			targetProxy = D1602D2E2E7A14DE0088D954 /* PBXContainerItemProxy */;
		};
/* End PBXTargetDependency section */

/* Begin XCBuildConfiguration section */
		D1602D352E7A14DE0088D954 /* Debug */ = {
			isa = XCBuildConfiguration;
			buildSettings = {
				ALWAYS_SEARCH_USER_PATHS = NO;
				ASSETCATALOG_COMPILER_GENERATE_SWIFT_ASSET_SYMBOL_EXTENSIONS = YES;
				CLANG_ANALYZER_NONNULL = YES;
				CLANG_ANALYZER_NUMBER_OBJECT_CONVERSION = YES_AGGRESSIVE;
				CLANG_CXX_LANGUAGE_STANDARD = "gnu++20";
				CLANG_ENABLE_MODULES = YES;
				CLANG_ENABLE_OBJC_ARC = YES;
				CLANG_ENABLE_OBJC_WEAK = YES;
				CLANG_WARN_BLOCK_CAPTURE_AUTORELEASING = YES;
				CLANG_WARN_BOOL_CONVERSION = YES;
				CLANG_WARN_COMMA = YES;
				CLANG_WARN_CONSTANT_CONVERSION = YES;
				CLANG_WARN_DEPRECATED_OBJC_IMPLEMENTATIONS = YES;
				CLANG_WARN_DIRECT_OBJC_ISA_USAGE = YES_ERROR;
				CLANG_WARN_DOCUMENTATION_COMMENTS = YES;
				CLANG_WARN_EMPTY_BODY = YES;
				CLANG_WARN_ENUM_CONVERSION = YES;
				CLANG_WARN_INFINITE_RECURSION = YES;
				CLANG_WARN_INT_CONVERSION = YES;
				CLANG_WARN_NON_LITERAL_NULL_CONVERSION = YES;
				CLANG_WARN_OBJC_IMPLICIT_RETAIN_SELF = YES;
				CLANG_WARN_OBJC_LITERAL_CONVERSION = YES;
				CLANG_WARN_OBJC_ROOT_CLASS = YES_ERROR;
				CLANG_WARN_QUOTED_INCLUDE_IN_FRAMEWORK_HEADER = YES;
				CLANG_WARN_RANGE_LOOP_ANALYSIS = YES;
				CLANG_WARN_STRICT_PROTOTYPES = YES;
				CLANG_WARN_SUSPICIOUS_MOVE = YES;
				CLANG_WARN_UNGUARDED_AVAILABILITY = YES_AGGRESSIVE;
				CLANG_WARN_UNREACHABLE_CODE = YES;
				CLANG_WARN__DUPLICATE_METHOD_MATCH = YES;
				COPY_PHASE_STRIP = NO;
				DEBUG_INFORMATION_FORMAT = dwarf;
				ENABLE_STRICT_OBJC_MSGSEND = YES;
				ENABLE_TESTABILITY = YES;
				ENABLE_USER_SCRIPT_SANDBOXING = YES;
				GCC_C_LANGUAGE_STANDARD = gnu17;
				GCC_DYNAMIC_NO_PIC = NO;
				GCC_NO_COMMON_BLOCKS = YES;
				GCC_OPTIMIZATION_LEVEL = 0;
				GCC_PREPROCESSOR_DEFINITIONS = (
					"DEBUG=1",
					"$(inherited)",
				);
				GCC_WARN_64_TO_32_BIT_CONVERSION = YES;
				GCC_WARN_ABOUT_RETURN_TYPE = YES_ERROR;
				GCC_WARN_UNDECLARED_SELECTOR = YES;
				GCC_WARN_UNINITIALIZED_AUTOS = YES_AGGRESSIVE;
				GCC_WARN_UNUSED_FUNCTION = YES;
				GCC_WARN_UNUSED_VARIABLE = YES;
				IPHONEOS_DEPLOYMENT_TARGET = 18.5;
				LOCALIZATION_PREFERS_STRING_CATALOGS = YES;
				MTL_ENABLE_DEBUG_INFO = INCLUDE_SOURCE;
				MTL_FAST_MATH = YES;
				ONLY_ACTIVE_ARCH = YES;
				SDKROOT = iphoneos;
				SWIFT_ACTIVE_COMPILATION_CONDITIONS = "DEBUG $(inherited)";
				SWIFT_OPTIMIZATION_LEVEL = "-Onone";
			};
			name = Debug;
		};
		D1602D362E7A14DE0088D954 /* Release */ = {
			isa = XCBuildConfiguration;
			buildSettings = {
				ALWAYS_SEARCH_USER_PATHS = NO;
				ASSETCATALOG_COMPILER_GENERATE_SWIFT_ASSET_SYMBOL_EXTENSIONS = YES;
				CLANG_ANALYZER_NONNULL = YES;
				CLANG_ANALYZER_NUMBER_OBJECT_CONVERSION = YES_AGGRESSIVE;
				CLANG_CXX_LANGUAGE_STANDARD = "gnu++20";
				CLANG_ENABLE_MODULES = YES;
				CLANG_ENABLE_OBJC_ARC = YES;
				CLANG_ENABLE_OBJC_WEAK = YES;
				CLANG_WARN_BLOCK_CAPTURE_AUTORELEASING = YES;
				CLANG_WARN_BOOL_CONVERSION = YES;
				CLANG_WARN_COMMA = YES;
				CLANG_WARN_CONSTANT_CONVERSION = YES;
				CLANG_WARN_DEPRECATED_OBJC_IMPLEMENTATIONS = YES;
				CLANG_WARN_DIRECT_OBJC_ISA_USAGE = YES_ERROR;
				CLANG_WARN_DOCUMENTATION_COMMENTS = YES;
				CLANG_WARN_EMPTY_BODY = YES;
				CLANG_WARN_ENUM_CONVERSION = YES;
				CLANG_WARN_INFINITE_RECURSION = YES;
				CLANG_WARN_INT_CONVERSION = YES;
				CLANG_WARN_NON_LITERAL_NULL_CONVERSION = YES;
				CLANG_WARN_OBJC_IMPLICIT_RETAIN_SELF = YES;
				CLANG_WARN_OBJC_LITERAL_CONVERSION = YES;
				CLANG_WARN_OBJC_ROOT_CLASS = YES_ERROR;
				CLANG_WARN_QUOTED_INCLUDE_IN_FRAMEWORK_HEADER = YES;
				CLANG_WARN_RANGE_LOOP_ANALYSIS = YES;
				CLANG_WARN_STRICT_PROTOTYPES = YES;
				CLANG_WARN_SUSPICIOUS_MOVE = YES;
				CLANG_WARN_UNGUARDED_AVAILABILITY = YES_AGGRESSIVE;
				CLANG_WARN_UNREACHABLE_CODE = YES;
				CLANG_WARN__DUPLICATE_METHOD_MATCH = YES;
				COPY_PHASE_STRIP = NO;
				DEBUG_INFORMATION_FORMAT = "dwarf-with-dsym";
				ENABLE_NS_ASSERTIONS = NO;
				ENABLE_STRICT_OBJC_MSGSEND = YES;
				ENABLE_USER_SCRIPT_SANDBOXING = YES;
				GCC_C_LANGUAGE_STANDARD = gnu17;
				GCC_NO_COMMON_BLOCKS = YES;
				GCC_WARN_64_TO_32_BIT_CONVERSION = YES;
				GCC_WARN_ABOUT_RETURN_TYPE = YES_ERROR;
				GCC_WARN_UNDECLARED_SELECTOR = YES;
				GCC_WARN_UNINITIALIZED_AUTOS = YES_AGGRESSIVE;
				GCC_WARN_UNUSED_FUNCTION = YES;
				GCC_WARN_UNUSED_VARIABLE = YES;
				IPHONEOS_DEPLOYMENT_TARGET = 18.5;
				LOCALIZATION_PREFERS_STRING_CATALOGS = YES;
				MTL_ENABLE_DEBUG_INFO = NO;
				MTL_FAST_MATH = YES;
				SDKROOT = iphoneos;
				SWIFT_COMPILATION_MODE = wholemodule;
				VALIDATE_PRODUCT = YES;
			};
			name = Release;
		};
		D1602D382E7A14DE0088D954 /* Debug */ = {
			isa = XCBuildConfiguration;
			buildSettings = {
				ASSETCATALOG_COMPILER_APPICON_NAME = AppIcon;
				ASSETCATALOG_COMPILER_GLOBAL_ACCENT_COLOR_NAME = AccentColor;
				CODE_SIGN_STYLE = Automatic;
				CURRENT_PROJECT_VERSION = 1;
				ENABLE_PREVIEWS = YES;
				GENERATE_INFOPLIST_FILE = YES;
				INFOPLIST_FILE = BraceletApp/Info.plist;
				INFOPLIST_KEY_UIApplicationSceneManifest_Generation = YES;
				INFOPLIST_KEY_UIApplicationSupportsIndirectInputEvents = YES;
				INFOPLIST_KEY_UILaunchScreen_Generation = YES;
				INFOPLIST_KEY_UISupportedInterfaceOrientations_iPad = "UIInterfaceOrientationPortrait UIInterfaceOrientationPortraitUpsideDown UIInterfaceOrientationLandscapeLeft UIInterfaceOrientationLandscapeRight";
				INFOPLIST_KEY_UISupportedInterfaceOrientations_iPhone = "UIInterfaceOrientationPortrait UIInterfaceOrientationLandscapeLeft UIInterfaceOrientationLandscapeRight";
				LD_RUNPATH_SEARCH_PATHS = (
					"$(inherited)",
					"@executable_path/Frameworks",
				);
				MARKETING_VERSION = 1.0;
				PRODUCT_BUNDLE_IDENTIFIER = bricknerstitt.BraceletApp;
				PRODUCT_NAME = "$(TARGET_NAME)";
				SWIFT_EMIT_LOC_STRINGS = YES;
				SWIFT_VERSION = 5.0;
				TARGETED_DEVICE_FAMILY = "1,2";
			};
			name = Debug;
		};
		D1602D392E7A14DE0088D954 /* Release */ = {
			isa = XCBuildConfiguration;
			buildSettings = {
				ASSETCATALOG_COMPILER_APPICON_NAME = AppIcon;
				ASSETCATALOG_COMPILER_GLOBAL_ACCENT_COLOR_NAME = AccentColor;
				CODE_SIGN_STYLE = Automatic;
				CURRENT_PROJECT_VERSION = 1;
				ENABLE_PREVIEWS = YES;
				GENERATE_INFOPLIST_FILE = YES;
				INFOPLIST_FILE = BraceletApp/Info.plist;
				INFOPLIST_KEY_UIApplicationSceneManifest_Generation = YES;
				INFOPLIST_KEY_UIApplicationSupportsIndirectInputEvents = YES;
				INFOPLIST_KEY_UILaunchScreen_Generation = YES;
				INFOPLIST_KEY_UISupportedInterfaceOrientations_iPad = "UIInterfaceOrientationPortrait UIInterfaceOrientationPortraitUpsideDown UIInterfaceOrientationLandscapeLeft UIInterfaceOrientationLandscapeRight";
				INFOPLIST_KEY_UISupportedInterfaceOrientations_iPhone = "UIInterfaceOrientationPortrait UIInterfaceOrientationLandscapeLeft UIInterfaceOrientationLandscapeRight";
				LD_RUNPATH_SEARCH_PATHS = (
					"$(inherited)",
					"@executable_path/Frameworks",
				);
				MARKETING_VERSION = 1.0;
				PRODUCT_BUNDLE_IDENTIFIER = bricknerstitt.BraceletApp;
				PRODUCT_NAME = "$(TARGET_NAME)";
				SWIFT_EMIT_LOC_STRINGS = YES;
				SWIFT_VERSION = 5.0;
				TARGETED_DEVICE_FAMILY = "1,2";
			};
			name = Release;
		};
		D1602D3B2E7A14DE0088D954 /* Debug */ = {
			isa = XCBuildConfiguration;
			buildSettings = {
				BUNDLE_LOADER = "$(TEST_HOST)";
				CODE_SIGN_STYLE = Automatic;
				CURRENT_PROJECT_VERSION = 1;
				GENERATE_INFOPLIST_FILE = YES;
				IPHONEOS_DEPLOYMENT_TARGET = 18.5;
				MARKETING_VERSION = 1.0;
				PRODUCT_BUNDLE_IDENTIFIER = bricknerstitt.BraceletAppTests;
				PRODUCT_NAME = "$(TARGET_NAME)";
				SWIFT_EMIT_LOC_STRINGS = NO;
				SWIFT_VERSION = 5.0;
				TARGETED_DEVICE_FAMILY = "1,2";
				TEST_HOST = "$(BUILT_PRODUCTS_DIR)/BraceletApp.app/$(BUNDLE_EXECUTABLE_FOLDER_PATH)/BraceletApp";
			};
			name = Debug;
		};
		D1602D3C2E7A14DE0088D954 /* Release */ = {
			isa = XCBuildConfiguration;
			buildSettings = {
				BUNDLE_LOADER = "$(TEST_HOST)";
				CODE_SIGN_STYLE = Automatic;
				CURRENT_PROJECT_VERSION = 1;
				GENERATE_INFOPLIST_FILE = YES;
				IPHONEOS_DEPLOYMENT_TARGET = 18.5;
				MARKETING_VERSION = 1.0;
				PRODUCT_BUNDLE_IDENTIFIER = bricknerstitt.BraceletAppTests;
				PRODUCT_NAME = "$(TARGET_NAME)";
				SWIFT_EMIT_LOC_STRINGS = NO;
				SWIFT_VERSION = 5.0;
				TARGETED_DEVICE_FAMILY = "1,2";
				TEST_HOST = "$(BUILT_PRODUCTS_DIR)/BraceletApp.app/$(BUNDLE_EXECUTABLE_FOLDER_PATH)/BraceletApp";
			};
			name = Release;
		};
		D1602D3E2E7A14DE0088D954 /* Debug */ = {
			isa = XCBuildConfiguration;
			buildSettings = {
				CODE_SIGN_STYLE = Automatic;
				CURRENT_PROJECT_VERSION = 1;
				GENERATE_INFOPLIST_FILE = YES;
				MARKETING_VERSION = 1.0;
				PRODUCT_BUNDLE_IDENTIFIER = bricknerstitt.BraceletAppUITests;
				PRODUCT_NAME = "$(TARGET_NAME)";
				SWIFT_EMIT_LOC_STRINGS = NO;
				SWIFT_VERSION = 5.0;
				TARGETED_DEVICE_FAMILY = "1,2";
				TEST_TARGET_NAME = BraceletApp;
			};
			name = Debug;
		};
		D1602D3F2E7A14DE0088D954 /* Release */ = {
			isa = XCBuildConfiguration;
			buildSettings = {
				CODE_SIGN_STYLE = Automatic;
				CURRENT_PROJECT_VERSION = 1;
				GENERATE_INFOPLIST_FILE = YES;
				MARKETING_VERSION = 1.0;
				PRODUCT_BUNDLE_IDENTIFIER = bricknerstitt.BraceletAppUITests;
				PRODUCT_NAME = "$(TARGET_NAME)";
				SWIFT_EMIT_LOC_STRINGS = NO;
				SWIFT_VERSION = 5.0;
				TARGETED_DEVICE_FAMILY = "1,2";
				TEST_TARGET_NAME = BraceletApp;
			};
			name = Release;
		};
/* End XCBuildConfiguration section */

/* Begin XCConfigurationList section */
		D1602D112E7A14DA0088D954 /* Build configuration list for PBXProject "BraceletApp" */ = {
			isa = XCConfigurationList;
			buildConfigurations = (
				D1602D352E7A14DE0088D954 /* Debug */,
				D1602D362E7A14DE0088D954 /* Release */,
			);
			defaultConfigurationIsVisible = 0;
			defaultConfigurationName = Release;
		};
		D1602D372E7A14DE0088D954 /* Build configuration list for PBXNativeTarget "BraceletApp" */ = {
			isa = XCConfigurationList;
			buildConfigurations = (
				D1602D382E7A14DE0088D954 /* Debug */,
				D1602D392E7A14DE0088D954 /* Release */,
			);
			defaultConfigurationIsVisible = 0;
			defaultConfigurationName = Release;
		};
		D1602D3A2E7A14DE0088D954 /* Build configuration list for PBXNativeTarget "BraceletAppTests" */ = {
			isa = XCConfigurationList;
			buildConfigurations = (
				D1602D3B2E7A14DE0088D954 /* Debug */,
				D1602D3C2E7A14DE0088D954 /* Release */,
			);
			defaultConfigurationIsVisible = 0;
			defaultConfigurationName = Release;
		};
		D1602D3D2E7A14DE0088D954 /* Build configuration list for PBXNativeTarget "BraceletAppUITests" */ = {
			isa = XCConfigurationList;
			buildConfigurations = (
				D1602D3E2E7A14DE0088D954 /* Debug */,
				D1602D3F2E7A14DE0088D954 /* Release */,
			);
			defaultConfigurationIsVisible = 0;
			defaultConfigurationName = Release;
		};
/* End XCConfigurationList section */
	};
	rootObject = D1602D0E2E7A14DA0088D954 /* Project object */;
}
